# This file is autogenerated, do not edit; changes may be undone by the next 'dep ensure'.


[[projects]]
  branch = "master"
  name = "github.com/fatih/structs"
  packages = ["."]
  revision = "74a29b9fac7397d933f47e33eba94d2d83a464a2"

[[projects]]
  name = "github.com/kennygrant/sanitize"
  packages = ["."]
  revision = "6a0bfdde8629a3a3a7418a7eae45c54154692514"
  version = "v1.2"

[[projects]]
  branch = "master"
  name = "github.com/kylelemons/godebug"
  packages = ["diff","pretty"]
  revision = "a616ab194758ae0a11290d87ca46ee8c440117b0"

[[projects]]
  branch = "master"
  name = "github.com/rainycape/cld2"
  packages = ["."]
  revision = "08654a83284e4ca708214e8afef6a1e0fd55d334"

[[projects]]
  branch = "master"
  name = "golang.org/x/net"
  packages = ["html","html/atom"]
  revision = "59a0b19b5533c7977ddeb86b017bf507ed407b12"

[[projects]]
  branch = "master"
  name = "golang.org/x/text"
  packages = ["internal/gen","internal/tag","language","unicode/cldr"]
  revision = "ab6d1c143672de99b9dfde433b7f6affb278cc74"

[solve-meta]
  analyzer-name = "dep"
  analyzer-version = 1
  inputs-digest = "acb114f9f023401bfc88e315625c4665c6949506224755886dd07b549452f55d"
  solver-name = "gps-cdcl"
  solver-version = 1
