# This file is autogenerated, do not edit; changes may be undone by the next 'dep ensure'.


[[projects]]
  name = "github.com/beevik/etree"
  packages = ["."]
  revision = "abae5fc32af8862e420d52e686a7e6ec14111685"
  version = "v0"

[[projects]]
  name = "github.com/fatih/color"
  packages = ["."]
  revision = "570b54cabe6b8eb0bc2dfce68d964677d63b5260"
  version = "v1.5.0"

[[projects]]
  branch = "master"
  name = "github.com/fatih/structs"
  packages = ["."]
  revision = "7e5a8eef611ee84dd359503f3969f80df4c50723"

[[projects]]
  name = "github.com/hoisie/mustache"
  packages = ["."]
  revision = "6dfe7cd5e765063d31ecdfcda4c6568d7cdd39b6"
  version = "0.0.1"

[[projects]]
  name = "github.com/kennygrant/sanitize"
  packages = ["."]
  revision = "6a0bfdde8629a3a3a7418a7eae45c54154692514"
  version = "v1.2"

[[projects]]
  name = "github.com/mattn/go-colorable"
  packages = ["."]
  revision = "941b50ebc6efddf4c41c8e4537a5f68a4e686b24"
  version = "v0.0.8"

[[projects]]
  name = "github.com/mattn/go-isatty"
  packages = ["."]
  revision = "fc9e8d8ef48496124e79ae0df75490096eccf6fe"
  version = "v0.0.2"

[[projects]]
  branch = "master"
  name = "github.com/miku/clam"
  packages = ["."]
  revision = "8054bf3dfcec90524127673fe9b5fe21911ada44"

[[projects]]
  branch = "master"
  name = "github.com/miku/xmlstream"
  packages = ["."]
  revision = "bbc08c4a3dcac7c797fda653d1cc9a9054002aac"

[[projects]]
  branch = "master"
  name = "github.com/rainycape/cld2"
  packages = ["."]
  revision = "08654a83284e4ca708214e8afef6a1e0fd55d334"

[[projects]]
  branch = "master"
  name = "github.com/reusee/mmh3"
  packages = ["."]
  revision = "64b85163255bbb6af4f0d0eab61ecdda7ea7cd96"

[[projects]]
  branch = "master"
  name = "github.com/shantanubhadoria/go-roman"
  packages = ["roman"]
  revision = "3deecbc03f4d887ed2716a1c346fea357c5e8054"

[[projects]]
  branch = "master"
  name = "golang.org/x/net"
  packages = ["html","html/atom"]
  revision = "ab5485076ff3407ad2d02db054635913f017b0ed"

[[projects]]
  branch = "master"
  name = "golang.org/x/sys"
  packages = ["unix"]
  revision = "7a4fde3fda8ef580a89dbae8138c26041be14299"

[[projects]]
  branch = "master"
  name = "golang.org/x/text"
  packages = ["internal/gen","internal/tag","language","unicode/cldr"]
  revision = "836efe42bb4aa16aaa17b9c155d8813d336ed720"

[solve-meta]
  analyzer-name = "dep"
  analyzer-version = 1
  inputs-digest = "67f414a74b8395b94b385f1f804f0880329f76d238ca281eda60aa03b07e389a"
  solver-name = "gps-cdcl"
  solver-version = 1
